// !$*UTF8*$!
{
	archiveVersion = 1;
	classes = {
	};
	objectVersion = 52;
	objects = {

/* Begin PBXBuildFile section */
		2530CA1B4D9A3963CA37C823 /* Pods_flixsterTests.framework in Frameworks */ = {isa = PBXBuildFile; fileRef = 872834860AF3A8EC85D014D4 /* Pods_flixsterTests.framework */; };
		8EE12BC026ED804900D3B18E /* AppDelegate.swift in Sources */ = {isa = PBXBuildFile; fileRef = 8EE12BBF26ED804900D3B18E /* AppDelegate.swift */; };
		8EE12BC226ED804900D3B18E /* SceneDelegate.swift in Sources */ = {isa = PBXBuildFile; fileRef = 8EE12BC126ED804900D3B18E /* SceneDelegate.swift */; };
		8EE12BC726ED804900D3B18E /* Main.storyboard in Resources */ = {isa = PBXBuildFile; fileRef = 8EE12BC526ED804900D3B18E /* Main.storyboard */; };
		8EE12BC926ED804B00D3B18E /* Assets.xcassets in Resources */ = {isa = PBXBuildFile; fileRef = 8EE12BC826ED804B00D3B18E /* Assets.xcassets */; };
		8EE12BCC26ED804B00D3B18E /* LaunchScreen.storyboard in Resources */ = {isa = PBXBuildFile; fileRef = 8EE12BCA26ED804B00D3B18E /* LaunchScreen.storyboard */; };
		8EE12BD726ED804B00D3B18E /* flixsterTests.swift in Sources */ = {isa = PBXBuildFile; fileRef = 8EE12BD626ED804B00D3B18E /* flixsterTests.swift */; };
		8EE12BE226ED804B00D3B18E /* flixsterUITests.swift in Sources */ = {isa = PBXBuildFile; fileRef = 8EE12BE126ED804B00D3B18E /* flixsterUITests.swift */; };
		8EE12BF026EDA03800D3B18E /* MoviesViewController.swift in Sources */ = {isa = PBXBuildFile; fileRef = 8EE12BEF26EDA03800D3B18E /* MoviesViewController.swift */; };
		8EE12BF226EDAA4F00D3B18E /* MovieCell.swift in Sources */ = {isa = PBXBuildFile; fileRef = 8EE12BF126EDAA4F00D3B18E /* MovieCell.swift */; };
		8EE12BF526EDAE0400D3B18E /* AlamofireImage in Frameworks */ = {isa = PBXBuildFile; productRef = 8EE12BF426EDAE0400D3B18E /* AlamofireImage */; };
		B5D9214E07BB555AE2DC5645 /* Pods_flixster.framework in Frameworks */ = {isa = PBXBuildFile; fileRef = 35CEBAC6E7B2C84F943F5D06 /* Pods_flixster.framework */; };
		F299B9D2B683ED8018D5D1FE /* Pods_flixster_flixsterUITests.framework in Frameworks */ = {isa = PBXBuildFile; fileRef = CEDDC6304761B559D1F365C8 /* Pods_flixster_flixsterUITests.framework */; };
/* End PBXBuildFile section */

/* Begin PBXContainerItemProxy section */
		8EE12BD326ED804B00D3B18E /* PBXContainerItemProxy */ = {
			isa = PBXContainerItemProxy;
			containerPortal = 8EE12BB426ED804900D3B18E /* Project object */;
			proxyType = 1;
			remoteGlobalIDString = 8EE12BBB26ED804900D3B18E;
			remoteInfo = flixster;
		};
		8EE12BDE26ED804B00D3B18E /* PBXContainerItemProxy */ = {
			isa = PBXContainerItemProxy;
			containerPortal = 8EE12BB426ED804900D3B18E /* Project object */;
			proxyType = 1;
			remoteGlobalIDString = 8EE12BBB26ED804900D3B18E;
			remoteInfo = flixster;
		};
/* End PBXContainerItemProxy section */

/* Begin PBXFileReference section */
		11A8E5711C81C2754490BCE3 /* Pods-flixster.release.xcconfig */ = {isa = PBXFileReference; includeInIndex = 1; lastKnownFileType = text.xcconfig; name = "Pods-flixster.release.xcconfig"; path = "Target Support Files/Pods-flixster/Pods-flixster.release.xcconfig"; sourceTree = "<group>"; };
		29FA9CD2CF90BEEB43C5BC5B /* Pods-flixster-flixsterUITests.release.xcconfig */ = {isa = PBXFileReference; includeInIndex = 1; lastKnownFileType = text.xcconfig; name = "Pods-flixster-flixsterUITests.release.xcconfig"; path = "Target Support Files/Pods-flixster-flixsterUITests/Pods-flixster-flixsterUITests.release.xcconfig"; sourceTree = "<group>"; };
		35CEBAC6E7B2C84F943F5D06 /* Pods_flixster.framework */ = {isa = PBXFileReference; explicitFileType = wrapper.framework; includeInIndex = 0; path = Pods_flixster.framework; sourceTree = BUILT_PRODUCTS_DIR; };
		3E26DB7E9EE9E9F34F2E2965 /* Pods-flixster.debug.xcconfig */ = {isa = PBXFileReference; includeInIndex = 1; lastKnownFileType = text.xcconfig; name = "Pods-flixster.debug.xcconfig"; path = "Target Support Files/Pods-flixster/Pods-flixster.debug.xcconfig"; sourceTree = "<group>"; };
		872834860AF3A8EC85D014D4 /* Pods_flixsterTests.framework */ = {isa = PBXFileReference; explicitFileType = wrapper.framework; includeInIndex = 0; path = Pods_flixsterTests.framework; sourceTree = BUILT_PRODUCTS_DIR; };
		89A23A793A1CAC185AE8132A /* Pods-flixsterTests.release.xcconfig */ = {isa = PBXFileReference; includeInIndex = 1; lastKnownFileType = text.xcconfig; name = "Pods-flixsterTests.release.xcconfig"; path = "Target Support Files/Pods-flixsterTests/Pods-flixsterTests.release.xcconfig"; sourceTree = "<group>"; };
		8EE12BBC26ED804900D3B18E /* flixster.app */ = {isa = PBXFileReference; explicitFileType = wrapper.application; includeInIndex = 0; path = flixster.app; sourceTree = BUILT_PRODUCTS_DIR; };
		8EE12BBF26ED804900D3B18E /* AppDelegate.swift */ = {isa = PBXFileReference; lastKnownFileType = sourcecode.swift; path = AppDelegate.swift; sourceTree = "<group>"; };
		8EE12BC126ED804900D3B18E /* SceneDelegate.swift */ = {isa = PBXFileReference; lastKnownFileType = sourcecode.swift; path = SceneDelegate.swift; sourceTree = "<group>"; };
		8EE12BC626ED804900D3B18E /* Base */ = {isa = PBXFileReference; lastKnownFileType = file.storyboard; name = Base; path = Base.lproj/Main.storyboard; sourceTree = "<group>"; };
		8EE12BC826ED804B00D3B18E /* Assets.xcassets */ = {isa = PBXFileReference; lastKnownFileType = folder.assetcatalog; path = Assets.xcassets; sourceTree = "<group>"; };
		8EE12BCB26ED804B00D3B18E /* Base */ = {isa = PBXFileReference; lastKnownFileType = file.storyboard; name = Base; path = Base.lproj/LaunchScreen.storyboard; sourceTree = "<group>"; };
		8EE12BCD26ED804B00D3B18E /* Info.plist */ = {isa = PBXFileReference; lastKnownFileType = text.plist.xml; path = Info.plist; sourceTree = "<group>"; };
		8EE12BD226ED804B00D3B18E /* flixsterTests.xctest */ = {isa = PBXFileReference; explicitFileType = wrapper.cfbundle; includeInIndex = 0; path = flixsterTests.xctest; sourceTree = BUILT_PRODUCTS_DIR; };
		8EE12BD626ED804B00D3B18E /* flixsterTests.swift */ = {isa = PBXFileReference; lastKnownFileType = sourcecode.swift; path = flixsterTests.swift; sourceTree = "<group>"; };
		8EE12BD826ED804B00D3B18E /* Info.plist */ = {isa = PBXFileReference; lastKnownFileType = text.plist.xml; path = Info.plist; sourceTree = "<group>"; };
		8EE12BDD26ED804B00D3B18E /* flixsterUITests.xctest */ = {isa = PBXFileReference; explicitFileType = wrapper.cfbundle; includeInIndex = 0; path = flixsterUITests.xctest; sourceTree = BUILT_PRODUCTS_DIR; };
		8EE12BE126ED804B00D3B18E /* flixsterUITests.swift */ = {isa = PBXFileReference; lastKnownFileType = sourcecode.swift; path = flixsterUITests.swift; sourceTree = "<group>"; };
		8EE12BE326ED804B00D3B18E /* Info.plist */ = {isa = PBXFileReference; lastKnownFileType = text.plist.xml; path = Info.plist; sourceTree = "<group>"; };
		8EE12BEF26EDA03800D3B18E /* MoviesViewController.swift */ = {isa = PBXFileReference; lastKnownFileType = sourcecode.swift; path = MoviesViewController.swift; sourceTree = "<group>"; };
		8EE12BF126EDAA4F00D3B18E /* MovieCell.swift */ = {isa = PBXFileReference; lastKnownFileType = sourcecode.swift; path = MovieCell.swift; sourceTree = "<group>"; };
		A7C17461F74C3291FA581388 /* Pods-flixster-flixsterUITests.debug.xcconfig */ = {isa = PBXFileReference; includeInIndex = 1; lastKnownFileType = text.xcconfig; name = "Pods-flixster-flixsterUITests.debug.xcconfig"; path = "Target Support Files/Pods-flixster-flixsterUITests/Pods-flixster-flixsterUITests.debug.xcconfig"; sourceTree = "<group>"; };
		CEDDC6304761B559D1F365C8 /* Pods_flixster_flixsterUITests.framework */ = {isa = PBXFileReference; explicitFileType = wrapper.framework; includeInIndex = 0; path = Pods_flixster_flixsterUITests.framework; sourceTree = BUILT_PRODUCTS_DIR; };
		D9221033D3540437E4D89186 /* Pods-flixsterTests.debug.xcconfig */ = {isa = PBXFileReference; includeInIndex = 1; lastKnownFileType = text.xcconfig; name = "Pods-flixsterTests.debug.xcconfig"; path = "Target Support Files/Pods-flixsterTests/Pods-flixsterTests.debug.xcconfig"; sourceTree = "<group>"; };
/* End PBXFileReference section */

/* Begin PBXFrameworksBuildPhase section */
		8EE12BB926ED804900D3B18E /* Frameworks */ = {
			isa = PBXFrameworksBuildPhase;
			buildActionMask = 2147483647;
			files = (
				8EE12BF526EDAE0400D3B18E /* AlamofireImage in Frameworks */,
				B5D9214E07BB555AE2DC5645 /* Pods_flixster.framework in Frameworks */,
			);
			runOnlyForDeploymentPostprocessing = 0;
		};
		8EE12BCF26ED804B00D3B18E /* Frameworks */ = {
			isa = PBXFrameworksBuildPhase;
			buildActionMask = 2147483647;
			files = (
				2530CA1B4D9A3963CA37C823 /* Pods_flixsterTests.framework in Frameworks */,
			);
			runOnlyForDeploymentPostprocessing = 0;
		};
		8EE12BDA26ED804B00D3B18E /* Frameworks */ = {
			isa = PBXFrameworksBuildPhase;
			buildActionMask = 2147483647;
			files = (
				F299B9D2B683ED8018D5D1FE /* Pods_flixster_flixsterUITests.framework in Frameworks */,
			);
			runOnlyForDeploymentPostprocessing = 0;
		};
/* End PBXFrameworksBuildPhase section */

/* Begin PBXGroup section */
		8EE12BB326ED804900D3B18E = {
			isa = PBXGroup;
			children = (
				8EE12BBE26ED804900D3B18E /* flixster */,
				8EE12BD526ED804B00D3B18E /* flixsterTests */,
				8EE12BE026ED804B00D3B18E /* flixsterUITests */,
				8EE12BBD26ED804900D3B18E /* Products */,
				D9B92C1F17679EB3DCF62106 /* Pods */,
				D828234C0100D2C187EA54EA /* Frameworks */,
			);
			sourceTree = "<group>";
		};
		8EE12BBD26ED804900D3B18E /* Products */ = {
			isa = PBXGroup;
			children = (
				8EE12BBC26ED804900D3B18E /* flixster.app */,
				8EE12BD226ED804B00D3B18E /* flixsterTests.xctest */,
				8EE12BDD26ED804B00D3B18E /* flixsterUITests.xctest */,
			);
			name = Products;
			sourceTree = "<group>";
		};
		8EE12BBE26ED804900D3B18E /* flixster */ = {
			isa = PBXGroup;
			children = (
				8EE12BBF26ED804900D3B18E /* AppDelegate.swift */,
				8EE12BC126ED804900D3B18E /* SceneDelegate.swift */,
				8EE12BC526ED804900D3B18E /* Main.storyboard */,
				8EE12BC826ED804B00D3B18E /* Assets.xcassets */,
				8EE12BCA26ED804B00D3B18E /* LaunchScreen.storyboard */,
				8EE12BCD26ED804B00D3B18E /* Info.plist */,
				8EE12BEF26EDA03800D3B18E /* MoviesViewController.swift */,
				8EE12BF126EDAA4F00D3B18E /* MovieCell.swift */,
			);
			path = flixster;
			sourceTree = "<group>";
		};
		8EE12BD526ED804B00D3B18E /* flixsterTests */ = {
			isa = PBXGroup;
			children = (
				8EE12BD626ED804B00D3B18E /* flixsterTests.swift */,
				8EE12BD826ED804B00D3B18E /* Info.plist */,
			);
			path = flixsterTests;
			sourceTree = "<group>";
		};
		8EE12BE026ED804B00D3B18E /* flixsterUITests */ = {
			isa = PBXGroup;
			children = (
				8EE12BE126ED804B00D3B18E /* flixsterUITests.swift */,
				8EE12BE326ED804B00D3B18E /* Info.plist */,
			);
			path = flixsterUITests;
			sourceTree = "<group>";
		};
		D828234C0100D2C187EA54EA /* Frameworks */ = {
			isa = PBXGroup;
			children = (
				35CEBAC6E7B2C84F943F5D06 /* Pods_flixster.framework */,
				CEDDC6304761B559D1F365C8 /* Pods_flixster_flixsterUITests.framework */,
				872834860AF3A8EC85D014D4 /* Pods_flixsterTests.framework */,
			);
			name = Frameworks;
			sourceTree = "<group>";
		};
		D9B92C1F17679EB3DCF62106 /* Pods */ = {
			isa = PBXGroup;
			children = (
				3E26DB7E9EE9E9F34F2E2965 /* Pods-flixster.debug.xcconfig */,
				11A8E5711C81C2754490BCE3 /* Pods-flixster.release.xcconfig */,
				A7C17461F74C3291FA581388 /* Pods-flixster-flixsterUITests.debug.xcconfig */,
				29FA9CD2CF90BEEB43C5BC5B /* Pods-flixster-flixsterUITests.release.xcconfig */,
				D9221033D3540437E4D89186 /* Pods-flixsterTests.debug.xcconfig */,
				89A23A793A1CAC185AE8132A /* Pods-flixsterTests.release.xcconfig */,
			);
			name = Pods;
			path = Pods;
			sourceTree = "<group>";
		};
/* End PBXGroup section */

/* Begin PBXNativeTarget section */
		8EE12BBB26ED804900D3B18E /* flixster */ = {
			isa = PBXNativeTarget;
			buildConfigurationList = 8EE12BE626ED804B00D3B18E /* Build configuration list for PBXNativeTarget "flixster" */;
			buildPhases = (
				B5A687AE0AFDAB1FBAD996D5 /* [CP] Check Pods Manifest.lock */,
				8EE12BB826ED804900D3B18E /* Sources */,
				8EE12BB926ED804900D3B18E /* Frameworks */,
				8EE12BBA26ED804900D3B18E /* Resources */,
				837C60826DCF7B11596EF95E /* [CP] Embed Pods Frameworks */,
			);
			buildRules = (
			);
			dependencies = (
			);
			name = flixster;
			packageProductDependencies = (
				8EE12BF426EDAE0400D3B18E /* AlamofireImage */,
			);
			productName = flixster;
			productReference = 8EE12BBC26ED804900D3B18E /* flixster.app */;
			productType = "com.apple.product-type.application";
		};
		8EE12BD126ED804B00D3B18E /* flixsterTests */ = {
			isa = PBXNativeTarget;
			buildConfigurationList = 8EE12BE926ED804B00D3B18E /* Build configuration list for PBXNativeTarget "flixsterTests" */;
			buildPhases = (
				135A7FD05E972D2ABDA4A8AE /* [CP] Check Pods Manifest.lock */,
				8EE12BCE26ED804B00D3B18E /* Sources */,
				8EE12BCF26ED804B00D3B18E /* Frameworks */,
				8EE12BD026ED804B00D3B18E /* Resources */,
			);
			buildRules = (
			);
			dependencies = (
				8EE12BD426ED804B00D3B18E /* PBXTargetDependency */,
			);
			name = flixsterTests;
			productName = flixsterTests;
			productReference = 8EE12BD226ED804B00D3B18E /* flixsterTests.xctest */;
			productType = "com.apple.product-type.bundle.unit-test";
		};
		8EE12BDC26ED804B00D3B18E /* flixsterUITests */ = {
			isa = PBXNativeTarget;
			buildConfigurationList = 8EE12BEC26ED804B00D3B18E /* Build configuration list for PBXNativeTarget "flixsterUITests" */;
			buildPhases = (
				94E73938F0504D2146D5D9F2 /* [CP] Check Pods Manifest.lock */,
				8EE12BD926ED804B00D3B18E /* Sources */,
				8EE12BDA26ED804B00D3B18E /* Frameworks */,
				8EE12BDB26ED804B00D3B18E /* Resources */,
				C111EF917F32DC5AF273AED4 /* [CP] Embed Pods Frameworks */,
			);
			buildRules = (
			);
			dependencies = (
				8EE12BDF26ED804B00D3B18E /* PBXTargetDependency */,
			);
			name = flixsterUITests;
			productName = flixsterUITests;
			productReference = 8EE12BDD26ED804B00D3B18E /* flixsterUITests.xctest */;
			productType = "com.apple.product-type.bundle.ui-testing";
		};
/* End PBXNativeTarget section */

/* Begin PBXProject section */
		8EE12BB426ED804900D3B18E /* Project object */ = {
			isa = PBXProject;
			attributes = {
				LastSwiftUpdateCheck = 1250;
				LastUpgradeCheck = 1250;
				TargetAttributes = {
					8EE12BBB26ED804900D3B18E = {
						CreatedOnToolsVersion = 12.5.1;
					};
					8EE12BD126ED804B00D3B18E = {
						CreatedOnToolsVersion = 12.5.1;
						TestTargetID = 8EE12BBB26ED804900D3B18E;
					};
					8EE12BDC26ED804B00D3B18E = {
						CreatedOnToolsVersion = 12.5.1;
						TestTargetID = 8EE12BBB26ED804900D3B18E;
					};
				};
			};
			buildConfigurationList = 8EE12BB726ED804900D3B18E /* Build configuration list for PBXProject "flixster" */;
			compatibilityVersion = "Xcode 9.3";
			developmentRegion = en;
			hasScannedForEncodings = 0;
			knownRegions = (
				en,
				Base,
			);
			mainGroup = 8EE12BB326ED804900D3B18E;
			packageReferences = (
				8EE12BF326EDAE0400D3B18E /* XCRemoteSwiftPackageReference "AlamofireImage" */,
			);
			productRefGroup = 8EE12BBD26ED804900D3B18E /* Products */;
			projectDirPath = "";
			projectRoot = "";
			targets = (
				8EE12BBB26ED804900D3B18E /* flixster */,
				8EE12BD126ED804B00D3B18E /* flixsterTests */,
				8EE12BDC26ED804B00D3B18E /* flixsterUITests */,
			);
		};
/* End PBXProject section */

/* Begin PBXResourcesBuildPhase section */
		8EE12BBA26ED804900D3B18E /* Resources */ = {
			isa = PBXResourcesBuildPhase;
			buildActionMask = 2147483647;
			files = (
				8EE12BCC26ED804B00D3B18E /* LaunchScreen.storyboard in Resources */,
				8EE12BC926ED804B00D3B18E /* Assets.xcassets in Resources */,
				8EE12BC726ED804900D3B18E /* Main.storyboard in Resources */,
			);
			runOnlyForDeploymentPostprocessing = 0;
		};
		8EE12BD026ED804B00D3B18E /* Resources */ = {
			isa = PBXResourcesBuildPhase;
			buildActionMask = 2147483647;
			files = (
			);
			runOnlyForDeploymentPostprocessing = 0;
		};
		8EE12BDB26ED804B00D3B18E /* Resources */ = {
			isa = PBXResourcesBuildPhase;
			buildActionMask = 2147483647;
			files = (
			);
			runOnlyForDeploymentPostprocessing = 0;
		};
/* End PBXResourcesBuildPhase section */

/* Begin PBXShellScriptBuildPhase section */
		135A7FD05E972D2ABDA4A8AE /* [CP] Check Pods Manifest.lock */ = {
			isa = PBXShellScriptBuildPhase;
			buildActionMask = 2147483647;
			files = (
			);
			inputFileListPaths = (
			);
			inputPaths = (
				"${PODS_PODFILE_DIR_PATH}/Podfile.lock",
				"${PODS_ROOT}/Manifest.lock",
			);
			name = "[CP] Check Pods Manifest.lock";
			outputFileListPaths = (
			);
			outputPaths = (
				"$(DERIVED_FILE_DIR)/Pods-flixsterTests-checkManifestLockResult.txt",
			);
			runOnlyForDeploymentPostprocessing = 0;
			shellPath = /bin/sh;
			shellScript = "diff \"${PODS_PODFILE_DIR_PATH}/Podfile.lock\" \"${PODS_ROOT}/Manifest.lock\" > /dev/null\nif [ $? != 0 ] ; then\n    # print error to STDERR\n    echo \"error: The sandbox is not in sync with the Podfile.lock. Run 'pod install' or update your CocoaPods installation.\" >&2\n    exit 1\nfi\n# This output is used by Xcode 'outputs' to avoid re-running this script phase.\necho \"SUCCESS\" > \"${SCRIPT_OUTPUT_FILE_0}\"\n";
			showEnvVarsInLog = 0;
		};
		837C60826DCF7B11596EF95E /* [CP] Embed Pods Frameworks */ = {
			isa = PBXShellScriptBuildPhase;
			buildActionMask = 2147483647;
			files = (
			);
			inputFileListPaths = (
				"${PODS_ROOT}/Target Support Files/Pods-flixster/Pods-flixster-frameworks-${CONFIGURATION}-input-files.xcfilelist",
			);
			name = "[CP] Embed Pods Frameworks";
			outputFileListPaths = (
				"${PODS_ROOT}/Target Support Files/Pods-flixster/Pods-flixster-frameworks-${CONFIGURATION}-output-files.xcfilelist",
			);
			runOnlyForDeploymentPostprocessing = 0;
			shellPath = /bin/sh;
			shellScript = "\"${PODS_ROOT}/Target Support Files/Pods-flixster/Pods-flixster-frameworks.sh\"\n";
			showEnvVarsInLog = 0;
		};
		94E73938F0504D2146D5D9F2 /* [CP] Check Pods Manifest.lock */ = {
			isa = PBXShellScriptBuildPhase;
			buildActionMask = 2147483647;
			files = (
			);
			inputFileListPaths = (
			);
			inputPaths = (
				"${PODS_PODFILE_DIR_PATH}/Podfile.lock",
				"${PODS_ROOT}/Manifest.lock",
			);
			name = "[CP] Check Pods Manifest.lock";
			outputFileListPaths = (
			);
			outputPaths = (
				"$(DERIVED_FILE_DIR)/Pods-flixster-flixsterUITests-checkManifestLockResult.txt",
			);
			runOnlyForDeploymentPostprocessing = 0;
			shellPath = /bin/sh;
			shellScript = "diff \"${PODS_PODFILE_DIR_PATH}/Podfile.lock\" \"${PODS_ROOT}/Manifest.lock\" > /dev/null\nif [ $? != 0 ] ; then\n    # print error to STDERR\n    echo \"error: The sandbox is not in sync with the Podfile.lock. Run 'pod install' or update your CocoaPods installation.\" >&2\n    exit 1\nfi\n# This output is used by Xcode 'outputs' to avoid re-running this script phase.\necho \"SUCCESS\" > \"${SCRIPT_OUTPUT_FILE_0}\"\n";
			showEnvVarsInLog = 0;
		};
		B5A687AE0AFDAB1FBAD996D5 /* [CP] Check Pods Manifest.lock */ = {
			isa = PBXShellScriptBuildPhase;
			buildActionMask = 2147483647;
			files = (
			);
			inputFileListPaths = (
			);
			inputPaths = (
				"${PODS_PODFILE_DIR_PATH}/Podfile.lock",
				"${PODS_ROOT}/Manifest.lock",
			);
			name = "[CP] Check Pods Manifest.lock";
			outputFileListPaths = (
			);
			outputPaths = (
				"$(DERIVED_FILE_DIR)/Pods-flixster-checkManifestLockResult.txt",
			);
			runOnlyForDeploymentPostprocessing = 0;
			shellPath = /bin/sh;
			shellScript = "diff \"${PODS_PODFILE_DIR_PATH}/Podfile.lock\" \"${PODS_ROOT}/Manifest.lock\" > /dev/null\nif [ $? != 0 ] ; then\n    # print error to STDERR\n    echo \"error: The sandbox is not in sync with the Podfile.lock. Run 'pod install' or update your CocoaPods installation.\" >&2\n    exit 1\nfi\n# This output is used by Xcode 'outputs' to avoid re-running this script phase.\necho \"SUCCESS\" > \"${SCRIPT_OUTPUT_FILE_0}\"\n";
			showEnvVarsInLog = 0;
		};
		C111EF917F32DC5AF273AED4 /* [CP] Embed Pods Frameworks */ = {
			isa = PBXShellScriptBuildPhase;
			buildActionMask = 2147483647;
			files = (
			);
			inputFileListPaths = (
				"${PODS_ROOT}/Target Support Files/Pods-flixster-flixsterUITests/Pods-flixster-flixsterUITests-frameworks-${CONFIGURATION}-input-files.xcfilelist",
			);
			name = "[CP] Embed Pods Frameworks";
			outputFileListPaths = (
				"${PODS_ROOT}/Target Support Files/Pods-flixster-flixsterUITests/Pods-flixster-flixsterUITests-frameworks-${CONFIGURATION}-output-files.xcfilelist",
			);
			runOnlyForDeploymentPostprocessing = 0;
			shellPath = /bin/sh;
			shellScript = "\"${PODS_ROOT}/Target Support Files/Pods-flixster-flixsterUITests/Pods-flixster-flixsterUITests-frameworks.sh\"\n";
			showEnvVarsInLog = 0;
		};
/* End PBXShellScriptBuildPhase section */

/* Begin PBXSourcesBuildPhase section */
		8EE12BB826ED804900D3B18E /* Sources */ = {
			isa = PBXSourcesBuildPhase;
			buildActionMask = 2147483647;
			files = (
				8EE12BC026ED804900D3B18E /* AppDelegate.swift in Sources */,
				8EE12BC226ED804900D3B18E /* SceneDelegate.swift in Sources */,
				8EE12BF226EDAA4F00D3B18E /* MovieCell.swift in Sources */,
				8EE12BF026EDA03800D3B18E /* MoviesViewController.swift in Sources */,
			);
			runOnlyForDeploymentPostprocessing = 0;
		};
		8EE12BCE26ED804B00D3B18E /* Sources */ = {
			isa = PBXSourcesBuildPhase;
			buildActionMask = 2147483647;
			files = (
				8EE12BD726ED804B00D3B18E /* flixsterTests.swift in Sources */,
			);
			runOnlyForDeploymentPostprocessing = 0;
		};
		8EE12BD926ED804B00D3B18E /* Sources */ = {
			isa = PBXSourcesBuildPhase;
			buildActionMask = 2147483647;
			files = (
				8EE12BE226ED804B00D3B18E /* flixsterUITests.swift in Sources */,
			);
			runOnlyForDeploymentPostprocessing = 0;
		};
/* End PBXSourcesBuildPhase section */

/* Begin PBXTargetDependency section */
		8EE12BD426ED804B00D3B18E /* PBXTargetDependency */ = {
			isa = PBXTargetDependency;
			target = 8EE12BBB26ED804900D3B18E /* flixster */;
			targetProxy = 8EE12BD326ED804B00D3B18E /* PBXContainerItemProxy */;
		};
		8EE12BDF26ED804B00D3B18E /* PBXTargetDependency */ = {
			isa = PBXTargetDependency;
			target = 8EE12BBB26ED804900D3B18E /* flixster */;
			targetProxy = 8EE12BDE26ED804B00D3B18E /* PBXContainerItemProxy */;
		};
/* End PBXTargetDependency section */

/* Begin PBXVariantGroup section */
		8EE12BC526ED804900D3B18E /* Main.storyboard */ = {
			isa = PBXVariantGroup;
			children = (
				8EE12BC626ED804900D3B18E /* Base */,
			);
			name = Main.storyboard;
			sourceTree = "<group>";
		};
		8EE12BCA26ED804B00D3B18E /* LaunchScreen.storyboard */ = {
			isa = PBXVariantGroup;
			children = (
				8EE12BCB26ED804B00D3B18E /* Base */,
			);
			name = LaunchScreen.storyboard;
			sourceTree = "<group>";
		};
/* End PBXVariantGroup section */

/* Begin XCBuildConfiguration section */
		8EE12BE426ED804B00D3B18E /* Debug */ = {
			isa = XCBuildConfiguration;
			buildSettings = {
				ALWAYS_SEARCH_USER_PATHS = NO;
				CLANG_ANALYZER_NONNULL = YES;
				CLANG_ANALYZER_NUMBER_OBJECT_CONVERSION = YES_AGGRESSIVE;
				CLANG_CXX_LANGUAGE_STANDARD = "gnu++14";
				CLANG_CXX_LIBRARY = "libc++";
				CLANG_ENABLE_MODULES = YES;
				CLANG_ENABLE_OBJC_ARC = YES;
				CLANG_ENABLE_OBJC_WEAK = YES;
				CLANG_WARN_BLOCK_CAPTURE_AUTORELEASING = YES;
				CLANG_WARN_BOOL_CONVERSION = YES;
				CLANG_WARN_COMMA = YES;
				CLANG_WARN_CONSTANT_CONVERSION = YES;
				CLANG_WARN_DEPRECATED_OBJC_IMPLEMENTATIONS = YES;
				CLANG_WARN_DIRECT_OBJC_ISA_USAGE = YES_ERROR;
				CLANG_WARN_DOCUMENTATION_COMMENTS = YES;
				CLANG_WARN_EMPTY_BODY = YES;
				CLANG_WARN_ENUM_CONVERSION = YES;
				CLANG_WARN_INFINITE_RECURSION = YES;
				CLANG_WARN_INT_CONVERSION = YES;
				CLANG_WARN_NON_LITERAL_NULL_CONVERSION = YES;
				CLANG_WARN_OBJC_IMPLICIT_RETAIN_SELF = YES;
				CLANG_WARN_OBJC_LITERAL_CONVERSION = YES;
				CLANG_WARN_OBJC_ROOT_CLASS = YES_ERROR;
				CLANG_WARN_QUOTED_INCLUDE_IN_FRAMEWORK_HEADER = YES;
				CLANG_WARN_RANGE_LOOP_ANALYSIS = YES;
				CLANG_WARN_STRICT_PROTOTYPES = YES;
				CLANG_WARN_SUSPICIOUS_MOVE = YES;
				CLANG_WARN_UNGUARDED_AVAILABILITY = YES_AGGRESSIVE;
				CLANG_WARN_UNREACHABLE_CODE = YES;
				CLANG_WARN__DUPLICATE_METHOD_MATCH = YES;
				COPY_PHASE_STRIP = NO;
				DEBUG_INFORMATION_FORMAT = dwarf;
				ENABLE_STRICT_OBJC_MSGSEND = YES;
				ENABLE_TESTABILITY = YES;
				GCC_C_LANGUAGE_STANDARD = gnu11;
				GCC_DYNAMIC_NO_PIC = NO;
				GCC_NO_COMMON_BLOCKS = YES;
				GCC_OPTIMIZATION_LEVEL = 0;
				GCC_PREPROCESSOR_DEFINITIONS = (
					"DEBUG=1",
					"$(inherited)",
				);
				GCC_WARN_64_TO_32_BIT_CONVERSION = YES;
				GCC_WARN_ABOUT_RETURN_TYPE = YES_ERROR;
				GCC_WARN_UNDECLARED_SELECTOR = YES;
				GCC_WARN_UNINITIALIZED_AUTOS = YES_AGGRESSIVE;
				GCC_WARN_UNUSED_FUNCTION = YES;
				GCC_WARN_UNUSED_VARIABLE = YES;
				IPHONEOS_DEPLOYMENT_TARGET = 14.5;
				MTL_ENABLE_DEBUG_INFO = INCLUDE_SOURCE;
				MTL_FAST_MATH = YES;
				ONLY_ACTIVE_ARCH = YES;
				SDKROOT = iphoneos;
				SWIFT_ACTIVE_COMPILATION_CONDITIONS = DEBUG;
				SWIFT_OPTIMIZATION_LEVEL = "-Onone";
			};
			name = Debug;
		};
		8EE12BE526ED804B00D3B18E /* Release */ = {
			isa = XCBuildConfiguration;
			buildSettings = {
				ALWAYS_SEARCH_USER_PATHS = NO;
				CLANG_ANALYZER_NONNULL = YES;
				CLANG_ANALYZER_NUMBER_OBJECT_CONVERSION = YES_AGGRESSIVE;
				CLANG_CXX_LANGUAGE_STANDARD = "gnu++14";
				CLANG_CXX_LIBRARY = "libc++";
				CLANG_ENABLE_MODULES = YES;
				CLANG_ENABLE_OBJC_ARC = YES;
				CLANG_ENABLE_OBJC_WEAK = YES;
				CLANG_WARN_BLOCK_CAPTURE_AUTORELEASING = YES;
				CLANG_WARN_BOOL_CONVERSION = YES;
				CLANG_WARN_COMMA = YES;
				CLANG_WARN_CONSTANT_CONVERSION = YES;
				CLANG_WARN_DEPRECATED_OBJC_IMPLEMENTATIONS = YES;
				CLANG_WARN_DIRECT_OBJC_ISA_USAGE = YES_ERROR;
				CLANG_WARN_DOCUMENTATION_COMMENTS = YES;
				CLANG_WARN_EMPTY_BODY = YES;
				CLANG_WARN_ENUM_CONVERSION = YES;
				CLANG_WARN_INFINITE_RECURSION = YES;
				CLANG_WARN_INT_CONVERSION = YES;
				CLANG_WARN_NON_LITERAL_NULL_CONVERSION = YES;
				CLANG_WARN_OBJC_IMPLICIT_RETAIN_SELF = YES;
				CLANG_WARN_OBJC_LITERAL_CONVERSION = YES;
				CLANG_WARN_OBJC_ROOT_CLASS = YES_ERROR;
				CLANG_WARN_QUOTED_INCLUDE_IN_FRAMEWORK_HEADER = YES;
				CLANG_WARN_RANGE_LOOP_ANALYSIS = YES;
				CLANG_WARN_STRICT_PROTOTYPES = YES;
				CLANG_WARN_SUSPICIOUS_MOVE = YES;
				CLANG_WARN_UNGUARDED_AVAILABILITY = YES_AGGRESSIVE;
				CLANG_WARN_UNREACHABLE_CODE = YES;
				CLANG_WARN__DUPLICATE_METHOD_MATCH = YES;
				COPY_PHASE_STRIP = NO;
				DEBUG_INFORMATION_FORMAT = "dwarf-with-dsym";
				ENABLE_NS_ASSERTIONS = NO;
				ENABLE_STRICT_OBJC_MSGSEND = YES;
				GCC_C_LANGUAGE_STANDARD = gnu11;
				GCC_NO_COMMON_BLOCKS = YES;
				GCC_WARN_64_TO_32_BIT_CONVERSION = YES;
				GCC_WARN_ABOUT_RETURN_TYPE = YES_ERROR;
				GCC_WARN_UNDECLARED_SELECTOR = YES;
				GCC_WARN_UNINITIALIZED_AUTOS = YES_AGGRESSIVE;
				GCC_WARN_UNUSED_FUNCTION = YES;
				GCC_WARN_UNUSED_VARIABLE = YES;
				IPHONEOS_DEPLOYMENT_TARGET = 14.5;
				MTL_ENABLE_DEBUG_INFO = NO;
				MTL_FAST_MATH = YES;
				SDKROOT = iphoneos;
				SWIFT_COMPILATION_MODE = wholemodule;
				SWIFT_OPTIMIZATION_LEVEL = "-O";
				VALIDATE_PRODUCT = YES;
			};
			name = Release;
		};
		8EE12BE726ED804B00D3B18E /* Debug */ = {
			isa = XCBuildConfiguration;
			baseConfigurationReference = 3E26DB7E9EE9E9F34F2E2965 /* Pods-flixster.debug.xcconfig */;
			buildSettings = {
				ASSETCATALOG_COMPILER_APPICON_NAME = AppIcon;
				ASSETCATALOG_COMPILER_GLOBAL_ACCENT_COLOR_NAME = AccentColor;
				CODE_SIGN_STYLE = Automatic;
				INFOPLIST_FILE = flixster/Info.plist;
				LD_RUNPATH_SEARCH_PATHS = (
					"$(inherited)",
					"@executable_path/Frameworks",
				);
				PRODUCT_BUNDLE_IDENTIFIER = codepath.flixster;
				PRODUCT_NAME = "$(TARGET_NAME)";
				SWIFT_VERSION = 5.0;
				TARGETED_DEVICE_FAMILY = "1,2";
			};
			name = Debug;
		};
		8EE12BE826ED804B00D3B18E /* Release */ = {
			isa = XCBuildConfiguration;
			baseConfigurationReference = 11A8E5711C81C2754490BCE3 /* Pods-flixster.release.xcconfig */;
			buildSettings = {
				ASSETCATALOG_COMPILER_APPICON_NAME = AppIcon;
				ASSETCATALOG_COMPILER_GLOBAL_ACCENT_COLOR_NAME = AccentColor;
				CODE_SIGN_STYLE = Automatic;
				INFOPLIST_FILE = flixster/Info.plist;
				LD_RUNPATH_SEARCH_PATHS = (
					"$(inherited)",
					"@executable_path/Frameworks",
				);
				PRODUCT_BUNDLE_IDENTIFIER = codepath.flixster;
				PRODUCT_NAME = "$(TARGET_NAME)";
				SWIFT_VERSION = 5.0;
				TARGETED_DEVICE_FAMILY = "1,2";
			};
			name = Release;
		};
		8EE12BEA26ED804B00D3B18E /* Debug */ = {
			isa = XCBuildConfiguration;
			baseConfigurationReference = D9221033D3540437E4D89186 /* Pods-flixsterTests.debug.xcconfig */;
			buildSettings = {
				ALWAYS_EMBED_SWIFT_STANDARD_LIBRARIES = YES;
				BUNDLE_LOADER = "$(TEST_HOST)";
				CODE_SIGN_STYLE = Automatic;
				INFOPLIST_FILE = flixsterTests/Info.plist;
				IPHONEOS_DEPLOYMENT_TARGET = 14.5;
				LD_RUNPATH_SEARCH_PATHS = (
					"$(inherited)",
					"@executable_path/Frameworks",
					"@loader_path/Frameworks",
				);
				PRODUCT_BUNDLE_IDENTIFIER = codepath.flixsterTests;
				PRODUCT_NAME = "$(TARGET_NAME)";
				SWIFT_VERSION = 5.0;
				TARGETED_DEVICE_FAMILY = "1,2";
				TEST_HOST = "$(BUILT_PRODUCTS_DIR)/flixster.app/flixster";
			};
			name = Debug;
		};
		8EE12BEB26ED804B00D3B18E /* Release */ = {
			isa = XCBuildConfiguration;
			baseConfigurationReference = 89A23A793A1CAC185AE8132A /* Pods-flixsterTests.release.xcconfig */;
			buildSettings = {
				ALWAYS_EMBED_SWIFT_STANDARD_LIBRARIES = YES;
				BUNDLE_LOADER = "$(TEST_HOST)";
				CODE_SIGN_STYLE = Automatic;
				INFOPLIST_FILE = flixsterTests/Info.plist;
				IPHONEOS_DEPLOYMENT_TARGET = 14.5;
				LD_RUNPATH_SEARCH_PATHS = (
					"$(inherited)",
					"@executable_path/Frameworks",
					"@loader_path/Frameworks",
				);
				PRODUCT_BUNDLE_IDENTIFIER = codepath.flixsterTests;
				PRODUCT_NAME = "$(TARGET_NAME)";
				SWIFT_VERSION = 5.0;
				TARGETED_DEVICE_FAMILY = "1,2";
				TEST_HOST = "$(BUILT_PRODUCTS_DIR)/flixster.app/flixster";
			};
			name = Release;
		};
		8EE12BED26ED804B00D3B18E /* Debug */ = {
			isa = XCBuildConfiguration;
			baseConfigurationReference = A7C17461F74C3291FA581388 /* Pods-flixster-flixsterUITests.debug.xcconfig */;
			buildSettings = {
				ALWAYS_EMBED_SWIFT_STANDARD_LIBRARIES = YES;
				CODE_SIGN_STYLE = Automatic;
				INFOPLIST_FILE = flixsterUITests/Info.plist;
				LD_RUNPATH_SEARCH_PATHS = (
					"$(inherited)",
					"@executable_path/Frameworks",
					"@loader_path/Frameworks",
				);
				PRODUCT_BUNDLE_IDENTIFIER = codepath.flixsterUITests;
				PRODUCT_NAME = "$(TARGET_NAME)";
				SWIFT_VERSION = 5.0;
				TARGETED_DEVICE_FAMILY = "1,2";
				TEST_TARGET_NAME = flixster;
			};
			name = Debug;
		};
		8EE12BEE26ED804B00D3B18E /* Release */ = {
			isa = XCBuildConfiguration;
			baseConfigurationReference = 29FA9CD2CF90BEEB43C5BC5B /* Pods-flixster-flixsterUITests.release.xcconfig */;
			buildSettings = {
				ALWAYS_EMBED_SWIFT_STANDARD_LIBRARIES = YES;
				CODE_SIGN_STYLE = Automatic;
				INFOPLIST_FILE = flixsterUITests/Info.plist;
				LD_RUNPATH_SEARCH_PATHS = (
					"$(inherited)",
					"@executable_path/Frameworks",
					"@loader_path/Frameworks",
				);
				PRODUCT_BUNDLE_IDENTIFIER = codepath.flixsterUITests;
				PRODUCT_NAME = "$(TARGET_NAME)";
				SWIFT_VERSION = 5.0;
				TARGETED_DEVICE_FAMILY = "1,2";
				TEST_TARGET_NAME = flixster;
			};
			name = Release;
		};
/* End XCBuildConfiguration section */

/* Begin XCConfigurationList section */
		8EE12BB726ED804900D3B18E /* Build configuration list for PBXProject "flixster" */ = {
			isa = XCConfigurationList;
			buildConfigurations = (
				8EE12BE426ED804B00D3B18E /* Debug */,
				8EE12BE526ED804B00D3B18E /* Release */,
			);
			defaultConfigurationIsVisible = 0;
			defaultConfigurationName = Release;
		};
		8EE12BE626ED804B00D3B18E /* Build configuration list for PBXNativeTarget "flixster" */ = {
			isa = XCConfigurationList;
			buildConfigurations = (
				8EE12BE726ED804B00D3B18E /* Debug */,
				8EE12BE826ED804B00D3B18E /* Release */,
			);
			defaultConfigurationIsVisible = 0;
			defaultConfigurationName = Release;
		};
		8EE12BE926ED804B00D3B18E /* Build configuration list for PBXNativeTarget "flixsterTests" */ = {
			isa = XCConfigurationList;
			buildConfigurations = (
				8EE12BEA26ED804B00D3B18E /* Debug */,
				8EE12BEB26ED804B00D3B18E /* Release */,
			);
			defaultConfigurationIsVisible = 0;
			defaultConfigurationName = Release;
		};
		8EE12BEC26ED804B00D3B18E /* Build configuration list for PBXNativeTarget "flixsterUITests" */ = {
			isa = XCConfigurationList;
			buildConfigurations = (
				8EE12BED26ED804B00D3B18E /* Debug */,
				8EE12BEE26ED804B00D3B18E /* Release */,
			);
			defaultConfigurationIsVisible = 0;
			defaultConfigurationName = Release;
		};
/* End XCConfigurationList section */

/* Begin XCRemoteSwiftPackageReference section */
		8EE12BF326EDAE0400D3B18E /* XCRemoteSwiftPackageReference "AlamofireImage" */ = {
			isa = XCRemoteSwiftPackageReference;
			repositoryURL = "https://github.com/Alamofire/AlamofireImage";
			requirement = {
				kind = upToNextMajorVersion;
				minimumVersion = 4.2.0;
			};
		};
/* End XCRemoteSwiftPackageReference section */

/* Begin XCSwiftPackageProductDependency section */
		8EE12BF426EDAE0400D3B18E /* AlamofireImage */ = {
			isa = XCSwiftPackageProductDependency;
			package = 8EE12BF326EDAE0400D3B18E /* XCRemoteSwiftPackageReference "AlamofireImage" */;
			productName = AlamofireImage;
		};
/* End XCSwiftPackageProductDependency section */
	};
	rootObject = 8EE12BB426ED804900D3B18E /* Project object */;
}
